{
  "name": "js",
  "version": "0.0.0",
  "lockfileVersion": 3,
  "requires": true,
  "packages": {
    "": {
      "name": "js",
      "version": "0.0.0",
      "dependencies": {
        "witnesscalc": "../pkg-nodejs"
      }
    },
    "../pkg-nodejs": {
      "name": "circom_witnesscalc",
      "version": "0.2.0"
    },
    "node_modules/witnesscalc": {
      "resolved": "../pkg-nodejs",
      "link": true
    }
  }
}
